// !$*UTF8*$!
{
	archiveVersion = 1;
	classes = {
	};
	objectVersion = 55;
	objects = {

/* Begin PBXBuildFile section */
		9402AECD28F2619600059945 /* Chapter2_StackAndQueue.swift in Sources */ = {isa = PBXBuildFile; fileRef = 9402AECC28F2619600059945 /* Chapter2_StackAndQueue.swift */; };
		9402AECF28F261C600059945 /* Chapter2_BinaryTree.swift in Sources */ = {isa = PBXBuildFile; fileRef = 9402AECE28F261C600059945 /* Chapter2_BinaryTree.swift */; };
		9402AED128F261D500059945 /* Chapter2_Sort.swift in Sources */ = {isa = PBXBuildFile; fileRef = 9402AED028F261D500059945 /* Chapter2_Sort.swift */; };
		9402AED328F2628E00059945 /* BinaryTreeDemo.swift in Sources */ = {isa = PBXBuildFile; fileRef = 9402AED228F2628E00059945 /* BinaryTreeDemo.swift */; };
		9478FD3B28E09A17004FF4FE /* AppDelegate.swift in Sources */ = {isa = PBXBuildFile; fileRef = 9478FD3A28E09A17004FF4FE /* AppDelegate.swift */; };
		9478FD3D28E09A17004FF4FE /* SceneDelegate.swift in Sources */ = {isa = PBXBuildFile; fileRef = 9478FD3C28E09A17004FF4FE /* SceneDelegate.swift */; };
		9478FD3F28E09A17004FF4FE /* ViewController.swift in Sources */ = {isa = PBXBuildFile; fileRef = 9478FD3E28E09A17004FF4FE /* ViewController.swift */; };
		9478FD4228E09A17004FF4FE /* Main.storyboard in Resources */ = {isa = PBXBuildFile; fileRef = 9478FD4028E09A17004FF4FE /* Main.storyboard */; };
		9478FD4428E09A18004FF4FE /* Assets.xcassets in Resources */ = {isa = PBXBuildFile; fileRef = 9478FD4328E09A18004FF4FE /* Assets.xcassets */; };
		9478FD4728E09A18004FF4FE /* LaunchScreen.storyboard in Resources */ = {isa = PBXBuildFile; fileRef = 9478FD4528E09A18004FF4FE /* LaunchScreen.storyboard */; };
		9478FD4F28E09A4B004FF4FE /* Chapter2_List.swift in Sources */ = {isa = PBXBuildFile; fileRef = 9478FD4E28E09A4B004FF4FE /* Chapter2_List.swift */; };
		94ADEF0828F5B8AB0072D5FF /* ListDemo.swift in Sources */ = {isa = PBXBuildFile; fileRef = 94ADEF0728F5B8AB0072D5FF /* ListDemo.swift */; };
		94C522F328FF7B61000DD95A /* StringDemo.swift in Sources */ = {isa = PBXBuildFile; fileRef = 94C522F228FF7B61000DD95A /* StringDemo.swift */; };
		94C522F728FF7C19000DD95A /* NSStringDemo.m in Sources */ = {isa = PBXBuildFile; fileRef = 94C522F628FF7C19000DD95A /* NSStringDemo.m */; };
		94CF654E28FBF4A600AF2CAA /* iOSDemo.swift in Sources */ = {isa = PBXBuildFile; fileRef = 94CF654D28FBF4A600AF2CAA /* iOSDemo.swift */; };
/* End PBXBuildFile section */

/* Begin PBXFileReference section */
		9402AECC28F2619600059945 /* Chapter2_StackAndQueue.swift */ = {isa = PBXFileReference; lastKnownFileType = sourcecode.swift; path = Chapter2_StackAndQueue.swift; sourceTree = "<group>"; };
		9402AECE28F261C600059945 /* Chapter2_BinaryTree.swift */ = {isa = PBXFileReference; lastKnownFileType = sourcecode.swift; path = Chapter2_BinaryTree.swift; sourceTree = "<group>"; };
		9402AED028F261D500059945 /* Chapter2_Sort.swift */ = {isa = PBXFileReference; lastKnownFileType = sourcecode.swift; path = Chapter2_Sort.swift; sourceTree = "<group>"; };
		9402AED228F2628E00059945 /* BinaryTreeDemo.swift */ = {isa = PBXFileReference; lastKnownFileType = sourcecode.swift; path = BinaryTreeDemo.swift; sourceTree = "<group>"; };
		9478FD3728E09A17004FF4FE /* RoadOfInterview.app */ = {isa = PBXFileReference; explicitFileType = wrapper.application; includeInIndex = 0; path = RoadOfInterview.app; sourceTree = BUILT_PRODUCTS_DIR; };
		9478FD3A28E09A17004FF4FE /* AppDelegate.swift */ = {isa = PBXFileReference; lastKnownFileType = sourcecode.swift; path = AppDelegate.swift; sourceTree = "<group>"; };
		9478FD3C28E09A17004FF4FE /* SceneDelegate.swift */ = {isa = PBXFileReference; lastKnownFileType = sourcecode.swift; path = SceneDelegate.swift; sourceTree = "<group>"; };
		9478FD3E28E09A17004FF4FE /* ViewController.swift */ = {isa = PBXFileReference; lastKnownFileType = sourcecode.swift; path = ViewController.swift; sourceTree = "<group>"; };
		9478FD4128E09A17004FF4FE /* Base */ = {isa = PBXFileReference; lastKnownFileType = file.storyboard; name = Base; path = Base.lproj/Main.storyboard; sourceTree = "<group>"; };
		9478FD4328E09A18004FF4FE /* Assets.xcassets */ = {isa = PBXFileReference; lastKnownFileType = folder.assetcatalog; path = Assets.xcassets; sourceTree = "<group>"; };
		9478FD4628E09A18004FF4FE /* Base */ = {isa = PBXFileReference; lastKnownFileType = file.storyboard; name = Base; path = Base.lproj/LaunchScreen.storyboard; sourceTree = "<group>"; };
		9478FD4828E09A18004FF4FE /* Info.plist */ = {isa = PBXFileReference; lastKnownFileType = text.plist.xml; path = Info.plist; sourceTree = "<group>"; };
		9478FD4E28E09A4B004FF4FE /* Chapter2_List.swift */ = {isa = PBXFileReference; lastKnownFileType = sourcecode.swift; path = Chapter2_List.swift; sourceTree = "<group>"; };
		94ADEF0728F5B8AB0072D5FF /* ListDemo.swift */ = {isa = PBXFileReference; lastKnownFileType = sourcecode.swift; path = ListDemo.swift; sourceTree = "<group>"; };
		94C289FF28E2F73C0038D01F /* README.md */ = {isa = PBXFileReference; lastKnownFileType = net.daringfireball.markdown; path = README.md; sourceTree = "<group>"; };
		94C522F228FF7B61000DD95A /* StringDemo.swift */ = {isa = PBXFileReference; lastKnownFileType = sourcecode.swift; path = StringDemo.swift; sourceTree = "<group>"; };
		94C522F428FF7C18000DD95A /* RoadOfInterview-Bridging-Header.h */ = {isa = PBXFileReference; lastKnownFileType = sourcecode.c.h; path = "RoadOfInterview-Bridging-Header.h"; sourceTree = "<group>"; };
		94C522F528FF7C19000DD95A /* NSStringDemo.h */ = {isa = PBXFileReference; lastKnownFileType = sourcecode.c.h; path = NSStringDemo.h; sourceTree = "<group>"; };
		94C522F628FF7C19000DD95A /* NSStringDemo.m */ = {isa = PBXFileReference; lastKnownFileType = sourcecode.c.objc; path = NSStringDemo.m; sourceTree = "<group>"; };
		94CF654D28FBF4A600AF2CAA /* iOSDemo.swift */ = {isa = PBXFileReference; lastKnownFileType = sourcecode.swift; path = iOSDemo.swift; sourceTree = "<group>"; };
/* End PBXFileReference section */

/* Begin PBXFrameworksBuildPhase section */
		9478FD3428E09A17004FF4FE /* Frameworks */ = {
			isa = PBXFrameworksBuildPhase;
			buildActionMask = 2147483647;
			files = (
			);
			runOnlyForDeploymentPostprocessing = 0;
		};
/* End PBXFrameworksBuildPhase section */

/* Begin PBXGroup section */
		94279A0928E482A7004E5104 /* Other */ = {
			isa = PBXGroup;
			children = (
				9478FD3A28E09A17004FF4FE /* AppDelegate.swift */,
				9478FD3C28E09A17004FF4FE /* SceneDelegate.swift */,
				9478FD3E28E09A17004FF4FE /* ViewController.swift */,
				9402AED228F2628E00059945 /* BinaryTreeDemo.swift */,
				94ADEF0728F5B8AB0072D5FF /* ListDemo.swift */,
				94CF654D28FBF4A600AF2CAA /* iOSDemo.swift */,
				94C522F228FF7B61000DD95A /* StringDemo.swift */,
				94C522F528FF7C19000DD95A /* NSStringDemo.h */,
				94C522F628FF7C19000DD95A /* NSStringDemo.m */,
				9478FD4028E09A17004FF4FE /* Main.storyboard */,
				9478FD4328E09A18004FF4FE /* Assets.xcassets */,
				9478FD4528E09A18004FF4FE /* LaunchScreen.storyboard */,
				9478FD4828E09A18004FF4FE /* Info.plist */,
				94C522F428FF7C18000DD95A /* RoadOfInterview-Bridging-Header.h */,
			);
			name = Other;
			sourceTree = "<group>";
		};
		9478FD2E28E09A17004FF4FE = {
			isa = PBXGroup;
			children = (
				9478FD3928E09A17004FF4FE /* RoadOfInterview */,
				9478FD3828E09A17004FF4FE /* Products */,
			);
			indentWidth = 2;
			sourceTree = "<group>";
			tabWidth = 2;
		};
		9478FD3828E09A17004FF4FE /* Products */ = {
			isa = PBXGroup;
			children = (
				9478FD3728E09A17004FF4FE /* RoadOfInterview.app */,
			);
			name = Products;
			sourceTree = "<group>";
		};
		9478FD3928E09A17004FF4FE /* RoadOfInterview */ = {
			isa = PBXGroup;
			children = (
				94C289FF28E2F73C0038D01F /* README.md */,
				9478FD4E28E09A4B004FF4FE /* Chapter2_List.swift */,
				9402AECC28F2619600059945 /* Chapter2_StackAndQueue.swift */,
				9402AECE28F261C600059945 /* Chapter2_BinaryTree.swift */,
				9402AED028F261D500059945 /* Chapter2_Sort.swift */,
				94279A0928E482A7004E5104 /* Other */,
			);
			path = RoadOfInterview;
			sourceTree = "<group>";
		};
/* End PBXGroup section */

/* Begin PBXNativeTarget section */
		9478FD3628E09A17004FF4FE /* RoadOfInterview */ = {
			isa = PBXNativeTarget;
			buildConfigurationList = 9478FD4B28E09A18004FF4FE /* Build configuration list for PBXNativeTarget "RoadOfInterview" */;
			buildPhases = (
				9478FD3328E09A17004FF4FE /* Sources */,
				9478FD3428E09A17004FF4FE /* Frameworks */,
				9478FD3528E09A17004FF4FE /* Resources */,
			);
			buildRules = (
			);
			dependencies = (
			);
			name = RoadOfInterview;
			productName = RoadOfInterview;
			productReference = 9478FD3728E09A17004FF4FE /* RoadOfInterview.app */;
			productType = "com.apple.product-type.application";
		};
/* End PBXNativeTarget section */

/* Begin PBXProject section */
		9478FD2F28E09A17004FF4FE /* Project object */ = {
			isa = PBXProject;
			attributes = {
				BuildIndependentTargetsInParallel = 1;
				LastSwiftUpdateCheck = 1340;
				LastUpgradeCheck = 1340;
				TargetAttributes = {
					9478FD3628E09A17004FF4FE = {
						CreatedOnToolsVersion = 13.4.1;
						LastSwiftMigration = 1400;
					};
				};
			};
			buildConfigurationList = 9478FD3228E09A17004FF4FE /* Build configuration list for PBXProject "RoadOfInterview" */;
			compatibilityVersion = "Xcode 13.0";
			developmentRegion = en;
			hasScannedForEncodings = 0;
			knownRegions = (
				en,
				Base,
			);
			mainGroup = 9478FD2E28E09A17004FF4FE;
			productRefGroup = 9478FD3828E09A17004FF4FE /* Products */;
			projectDirPath = "";
			projectRoot = "";
			targets = (
				9478FD3628E09A17004FF4FE /* RoadOfInterview */,
			);
		};
/* End PBXProject section */

/* Begin PBXResourcesBuildPhase section */
		9478FD3528E09A17004FF4FE /* Resources */ = {
			isa = PBXResourcesBuildPhase;
			buildActionMask = 2147483647;
			files = (
				9478FD4728E09A18004FF4FE /* LaunchScreen.storyboard in Resources */,
				9478FD4428E09A18004FF4FE /* Assets.xcassets in Resources */,
				9478FD4228E09A17004FF4FE /* Main.storyboard in Resources */,
			);
			runOnlyForDeploymentPostprocessing = 0;
		};
/* End PBXResourcesBuildPhase section */

/* Begin PBXSourcesBuildPhase section */
		9478FD3328E09A17004FF4FE /* Sources */ = {
			isa = PBXSourcesBuildPhase;
			buildActionMask = 2147483647;
			files = (
				94C522F328FF7B61000DD95A /* StringDemo.swift in Sources */,
				9402AED128F261D500059945 /* Chapter2_Sort.swift in Sources */,
				94C522F728FF7C19000DD95A /* NSStringDemo.m in Sources */,
				9478FD3F28E09A17004FF4FE /* ViewController.swift in Sources */,
				9402AED328F2628E00059945 /* BinaryTreeDemo.swift in Sources */,
				94ADEF0828F5B8AB0072D5FF /* ListDemo.swift in Sources */,
				9478FD4F28E09A4B004FF4FE /* Chapter2_List.swift in Sources */,
				9402AECD28F2619600059945 /* Chapter2_StackAndQueue.swift in Sources */,
				94CF654E28FBF4A600AF2CAA /* iOSDemo.swift in Sources */,
				9478FD3B28E09A17004FF4FE /* AppDelegate.swift in Sources */,
				9478FD3D28E09A17004FF4FE /* SceneDelegate.swift in Sources */,
				9402AECF28F261C600059945 /* Chapter2_BinaryTree.swift in Sources */,
			);
			runOnlyForDeploymentPostprocessing = 0;
		};
/* End PBXSourcesBuildPhase section */

/* Begin PBXVariantGroup section */
		9478FD4028E09A17004FF4FE /* Main.storyboard */ = {
			isa = PBXVariantGroup;
			children = (
				9478FD4128E09A17004FF4FE /* Base */,
			);
			name = Main.storyboard;
			sourceTree = "<group>";
		};
		9478FD4528E09A18004FF4FE /* LaunchScreen.storyboard */ = {
			isa = PBXVariantGroup;
			children = (
				9478FD4628E09A18004FF4FE /* Base */,
			);
			name = LaunchScreen.storyboard;
			sourceTree = "<group>";
		};
/* End PBXVariantGroup section */

/* Begin XCBuildConfiguration section */
		9478FD4928E09A18004FF4FE /* Debug */ = {
			isa = XCBuildConfiguration;
			buildSettings = {
				ALWAYS_SEARCH_USER_PATHS = NO;
				CLANG_ANALYZER_NONNULL = YES;
				CLANG_ANALYZER_NUMBER_OBJECT_CONVERSION = YES_AGGRESSIVE;
				CLANG_CXX_LANGUAGE_STANDARD = "gnu++17";
				CLANG_ENABLE_MODULES = YES;
				CLANG_ENABLE_OBJC_ARC = YES;
				CLANG_ENABLE_OBJC_WEAK = YES;
				CLANG_WARN_BLOCK_CAPTURE_AUTORELEASING = YES;
				CLANG_WARN_BOOL_CONVERSION = YES;
				CLANG_WARN_COMMA = YES;
				CLANG_WARN_CONSTANT_CONVERSION = YES;
				CLANG_WARN_DEPRECATED_OBJC_IMPLEMENTATIONS = YES;
				CLANG_WARN_DIRECT_OBJC_ISA_USAGE = YES_ERROR;
				CLANG_WARN_DOCUMENTATION_COMMENTS = YES;
				CLANG_WARN_EMPTY_BODY = YES;
				CLANG_WARN_ENUM_CONVERSION = YES;
				CLANG_WARN_INFINITE_RECURSION = YES;
				CLANG_WARN_INT_CONVERSION = YES;
				CLANG_WARN_NON_LITERAL_NULL_CONVERSION = YES;
				CLANG_WARN_OBJC_IMPLICIT_RETAIN_SELF = YES;
				CLANG_WARN_OBJC_LITERAL_CONVERSION = YES;
				CLANG_WARN_OBJC_ROOT_CLASS = YES_ERROR;
				CLANG_WARN_QUOTED_INCLUDE_IN_FRAMEWORK_HEADER = YES;
				CLANG_WARN_RANGE_LOOP_ANALYSIS = YES;
				CLANG_WARN_STRICT_PROTOTYPES = YES;
				CLANG_WARN_SUSPICIOUS_MOVE = YES;
				CLANG_WARN_UNGUARDED_AVAILABILITY = YES_AGGRESSIVE;
				CLANG_WARN_UNREACHABLE_CODE = YES;
				CLANG_WARN__DUPLICATE_METHOD_MATCH = YES;
				COPY_PHASE_STRIP = NO;
				DEBUG_INFORMATION_FORMAT = dwarf;
				ENABLE_STRICT_OBJC_MSGSEND = YES;
				ENABLE_TESTABILITY = YES;
				GCC_C_LANGUAGE_STANDARD = gnu11;
				GCC_DYNAMIC_NO_PIC = NO;
				GCC_NO_COMMON_BLOCKS = YES;
				GCC_OPTIMIZATION_LEVEL = 0;
				GCC_PREPROCESSOR_DEFINITIONS = (
					"DEBUG=1",
					"$(inherited)",
				);
				GCC_WARN_64_TO_32_BIT_CONVERSION = YES;
				GCC_WARN_ABOUT_RETURN_TYPE = YES_ERROR;
				GCC_WARN_UNDECLARED_SELECTOR = YES;
				GCC_WARN_UNINITIALIZED_AUTOS = YES_AGGRESSIVE;
				GCC_WARN_UNUSED_FUNCTION = YES;
				GCC_WARN_UNUSED_VARIABLE = YES;
				IPHONEOS_DEPLOYMENT_TARGET = 15.5;
				MTL_ENABLE_DEBUG_INFO = INCLUDE_SOURCE;
				MTL_FAST_MATH = YES;
				ONLY_ACTIVE_ARCH = YES;
				SDKROOT = iphoneos;
				SWIFT_ACTIVE_COMPILATION_CONDITIONS = DEBUG;
				SWIFT_OPTIMIZATION_LEVEL = "-Onone";
			};
			name = Debug;
		};
		9478FD4A28E09A18004FF4FE /* Release */ = {
			isa = XCBuildConfiguration;
			buildSettings = {
				ALWAYS_SEARCH_USER_PATHS = NO;
				CLANG_ANALYZER_NONNULL = YES;
				CLANG_ANALYZER_NUMBER_OBJECT_CONVERSION = YES_AGGRESSIVE;
				CLANG_CXX_LANGUAGE_STANDARD = "gnu++17";
				CLANG_ENABLE_MODULES = YES;
				CLANG_ENABLE_OBJC_ARC = YES;
				CLANG_ENABLE_OBJC_WEAK = YES;
				CLANG_WARN_BLOCK_CAPTURE_AUTORELEASING = YES;
				CLANG_WARN_BOOL_CONVERSION = YES;
				CLANG_WARN_COMMA = YES;
				CLANG_WARN_CONSTANT_CONVERSION = YES;
				CLANG_WARN_DEPRECATED_OBJC_IMPLEMENTATIONS = YES;
				CLANG_WARN_DIRECT_OBJC_ISA_USAGE = YES_ERROR;
				CLANG_WARN_DOCUMENTATION_COMMENTS = YES;
				CLANG_WARN_EMPTY_BODY = YES;
				CLANG_WARN_ENUM_CONVERSION = YES;
				CLANG_WARN_INFINITE_RECURSION = YES;
				CLANG_WARN_INT_CONVERSION = YES;
				CLANG_WARN_NON_LITERAL_NULL_CONVERSION = YES;
				CLANG_WARN_OBJC_IMPLICIT_RETAIN_SELF = YES;
				CLANG_WARN_OBJC_LITERAL_CONVERSION = YES;
				CLANG_WARN_OBJC_ROOT_CLASS = YES_ERROR;
				CLANG_WARN_QUOTED_INCLUDE_IN_FRAMEWORK_HEADER = YES;
				CLANG_WARN_RANGE_LOOP_ANALYSIS = YES;
				CLANG_WARN_STRICT_PROTOTYPES = YES;
				CLANG_WARN_SUSPICIOUS_MOVE = YES;
				CLANG_WARN_UNGUARDED_AVAILABILITY = YES_AGGRESSIVE;
				CLANG_WARN_UNREACHABLE_CODE = YES;
				CLANG_WARN__DUPLICATE_METHOD_MATCH = YES;
				COPY_PHASE_STRIP = NO;
				DEBUG_INFORMATION_FORMAT = "dwarf-with-dsym";
				ENABLE_NS_ASSERTIONS = NO;
				ENABLE_STRICT_OBJC_MSGSEND = YES;
				GCC_C_LANGUAGE_STANDARD = gnu11;
				GCC_NO_COMMON_BLOCKS = YES;
				GCC_WARN_64_TO_32_BIT_CONVERSION = YES;
				GCC_WARN_ABOUT_RETURN_TYPE = YES_ERROR;
				GCC_WARN_UNDECLARED_SELECTOR = YES;
				GCC_WARN_UNINITIALIZED_AUTOS = YES_AGGRESSIVE;
				GCC_WARN_UNUSED_FUNCTION = YES;
				GCC_WARN_UNUSED_VARIABLE = YES;
				IPHONEOS_DEPLOYMENT_TARGET = 15.5;
				MTL_ENABLE_DEBUG_INFO = NO;
				MTL_FAST_MATH = YES;
				SDKROOT = iphoneos;
				SWIFT_COMPILATION_MODE = wholemodule;
				SWIFT_OPTIMIZATION_LEVEL = "-O";
				VALIDATE_PRODUCT = YES;
			};
			name = Release;
		};
		9478FD4C28E09A18004FF4FE /* Debug */ = {
			isa = XCBuildConfiguration;
			buildSettings = {
				ASSETCATALOG_COMPILER_APPICON_NAME = AppIcon;
				ASSETCATALOG_COMPILER_GLOBAL_ACCENT_COLOR_NAME = AccentColor;
				CLANG_ENABLE_MODULES = YES;
				CODE_SIGN_STYLE = Automatic;
				CURRENT_PROJECT_VERSION = 1;
				GENERATE_INFOPLIST_FILE = YES;
				INFOPLIST_FILE = RoadOfInterview/Info.plist;
				INFOPLIST_KEY_UIApplicationSupportsIndirectInputEvents = YES;
				INFOPLIST_KEY_UILaunchStoryboardName = LaunchScreen;
				INFOPLIST_KEY_UIMainStoryboardFile = Main;
				INFOPLIST_KEY_UISupportedInterfaceOrientations_iPad = "UIInterfaceOrientationPortrait UIInterfaceOrientationPortraitUpsideDown UIInterfaceOrientationLandscapeLeft UIInterfaceOrientationLandscapeRight";
				INFOPLIST_KEY_UISupportedInterfaceOrientations_iPhone = "UIInterfaceOrientationPortrait UIInterfaceOrientationLandscapeLeft UIInterfaceOrientationLandscapeRight";
				IPHONEOS_DEPLOYMENT_TARGET = 13.0;
				LD_RUNPATH_SEARCH_PATHS = (
					"$(inherited)",
					"@executable_path/Frameworks",
				);
				MARKETING_VERSION = 1.0;
				PRODUCT_BUNDLE_IDENTIFIER = com.beforeold.RoadOfInterview;
				PRODUCT_NAME = "$(TARGET_NAME)";
				SWIFT_EMIT_LOC_STRINGS = YES;
				SWIFT_OBJC_BRIDGING_HEADER = "RoadOfInterview/RoadOfInterview-Bridging-Header.h";
				SWIFT_OPTIMIZATION_LEVEL = "-Onone";
				SWIFT_VERSION = 5.0;
				TARGETED_DEVICE_FAMILY = "1,2";
			};
			name = Debug;
		};
		9478FD4D28E09A18004FF4FE /* Release */ = {
			isa = XCBuildConfiguration;
			buildSettings = {
				ASSETCATALOG_COMPILER_APPICON_NAME = AppIcon;
				ASSETCATALOG_COMPILER_GLOBAL_ACCENT_COLOR_NAME = AccentColor;
				CLANG_ENABLE_MODULES = YES;
				CODE_SIGN_STYLE = Automatic;
				CURRENT_PROJECT_VERSION = 1;
				GENERATE_INFOPLIST_FILE = YES;
				INFOPLIST_FILE = RoadOfInterview/Info.plist;
				INFOPLIST_KEY_UIApplicationSupportsIndirectInputEvents = YES;
				INFOPLIST_KEY_UILaunchStoryboardName = LaunchScreen;
				INFOPLIST_KEY_UIMainStoryboardFile = Main;
				INFOPLIST_KEY_UISupportedInterfaceOrientations_iPad = "UIInterfaceOrientationPortrait UIInterfaceOrientationPortraitUpsideDown UIInterfaceOrientationLandscapeLeft UIInterfaceOrientationLandscapeRight";
				INFOPLIST_KEY_UISupportedInterfaceOrientations_iPhone = "UIInterfaceOrientationPortrait UIInterfaceOrientationLandscapeLeft UIInterfaceOrientationLandscapeRight";
				IPHONEOS_DEPLOYMENT_TARGET = 13.0;
				LD_RUNPATH_SEARCH_PATHS = (
					"$(inherited)",
					"@executable_path/Frameworks",
				);
				MARKETING_VERSION = 1.0;
				PRODUCT_BUNDLE_IDENTIFIER = com.beforeold.RoadOfInterview;
				PRODUCT_NAME = "$(TARGET_NAME)";
				SWIFT_EMIT_LOC_STRINGS = YES;
				SWIFT_OBJC_BRIDGING_HEADER = "RoadOfInterview/RoadOfInterview-Bridging-Header.h";
				SWIFT_VERSION = 5.0;
				TARGETED_DEVICE_FAMILY = "1,2";
			};
			name = Release;
		};
/* End XCBuildConfiguration section */

/* Begin XCConfigurationList section */
		9478FD3228E09A17004FF4FE /* Build configuration list for PBXProject "RoadOfInterview" */ = {
			isa = XCConfigurationList;
			buildConfigurations = (
				9478FD4928E09A18004FF4FE /* Debug */,
				9478FD4A28E09A18004FF4FE /* Release */,
			);
			defaultConfigurationIsVisible = 0;
			defaultConfigurationName = Release;
		};
		9478FD4B28E09A18004FF4FE /* Build configuration list for PBXNativeTarget "RoadOfInterview" */ = {
			isa = XCConfigurationList;
			buildConfigurations = (
				9478FD4C28E09A18004FF4FE /* Debug */,
				9478FD4D28E09A18004FF4FE /* Release */,
			);
			defaultConfigurationIsVisible = 0;
			defaultConfigurationName = Release;
		};
/* End XCConfigurationList section */
	};
	rootObject = 9478FD2F28E09A17004FF4FE /* Project object */;
}
